
Microsoft Visual Studio Solution File, Format Version 12.00
# Visual Studio Version 16
VisualStudioVersion = 16.0.30907.101
MinimumVisualStudioVersion = 10.0.40219.1
Project("{FAE04EC0-301F-11D3-BF4B-00C04F79EFBC}") = "Console", "BatteryNotification\Console.csproj", "{56283ABE-0338-41CC-BCC1-58A173C93994}"
EndProject
Project("{FAE04EC0-301F-11D3-BF4B-00C04F79EFBC}") = "Desktop", "Desktop\Desktop.csproj", "{88C22DE7-3C68-4A3B-8227-0C0CE3AAED80}"
EndProject
Project("{FAE04EC0-301F-11D3-BF4B-00C04F79EFBC}") = "WPF", "WPF\WPF.csproj", "{E560AB73-53FF-494D-8429-C32B3EC14700}"
EndProject
Project("{FAE04EC0-301F-11D3-BF4B-00C04F79EFBC}") = "InstallerLibrary", "InstallerLibrary\InstallerLibrary.csproj", "{9869B0A1-26D3-41FA-A1F1-6AC0F35011C0}"
EndProject
Project("{54435603-DBB4-11D2-8724-00A0C9A8B90C}") = "Installer", "Installer\Installer.vdproj", "{804FC182-52FA-408E-99DF-FAF6218591CE}"
EndProject
Global
	GlobalSection(SolutionConfigurationPlatforms) = preSolution
		Debug|Any CPU = Debug|Any CPU
		Release|Any CPU = Release|Any CPU
	EndGlobalSection
	GlobalSection(ProjectConfigurationPlatforms) = postSolution
		{56283ABE-0338-41CC-BCC1-58A173C93994}.Debug|Any CPU.ActiveCfg = Debug|Any CPU
		{56283ABE-0338-41CC-BCC1-58A173C93994}.Debug|Any CPU.Build.0 = Debug|Any CPU
		{56283ABE-0338-41CC-BCC1-58A173C93994}.Release|Any CPU.ActiveCfg = Release|Any CPU
		{56283ABE-0338-41CC-BCC1-58A173C93994}.Release|Any CPU.Build.0 = Release|Any CPU
		{88C22DE7-3C68-4A3B-8227-0C0CE3AAED80}.Debug|Any CPU.ActiveCfg = Debug|Any CPU
		{88C22DE7-3C68-4A3B-8227-0C0CE3AAED80}.Debug|Any CPU.Build.0 = Debug|Any CPU
		{88C22DE7-3C68-4A3B-8227-0C0CE3AAED80}.Release|Any CPU.ActiveCfg = Release|Any CPU
		{88C22DE7-3C68-4A3B-8227-0C0CE3AAED80}.Release|Any CPU.Build.0 = Release|Any CPU
		{E560AB73-53FF-494D-8429-C32B3EC14700}.Debug|Any CPU.ActiveCfg = Debug|Any CPU
		{E560AB73-53FF-494D-8429-C32B3EC14700}.Debug|Any CPU.Build.0 = Debug|Any CPU
		{E560AB73-53FF-494D-8429-C32B3EC14700}.Release|Any CPU.ActiveCfg = Release|Any CPU
		{E560AB73-53FF-494D-8429-C32B3EC14700}.Release|Any CPU.Build.0 = Release|Any CPU
		{9869B0A1-26D3-41FA-A1F1-6AC0F35011C0}.Debug|Any CPU.ActiveCfg = Debug|Any CPU
		{9869B0A1-26D3-41FA-A1F1-6AC0F35011C0}.Debug|Any CPU.Build.0 = Debug|Any CPU
		{9869B0A1-26D3-41FA-A1F1-6AC0F35011C0}.Release|Any CPU.ActiveCfg = Release|Any CPU
		{9869B0A1-26D3-41FA-A1F1-6AC0F35011C0}.Release|Any CPU.Build.0 = Release|Any CPU
		{804FC182-52FA-408E-99DF-FAF6218591CE}.Debug|Any CPU.ActiveCfg = Debug
		{804FC182-52FA-408E-99DF-FAF6218591CE}.Release|Any CPU.ActiveCfg = Release
	EndGlobalSection
	GlobalSection(SolutionProperties) = preSolution
		HideSolutionNode = FALSE
	EndGlobalSection
	GlobalSection(ExtensibilityGlobals) = postSolution
		SolutionGuid = {6F44F5FB-6D0D-4E26-8CDE-E0F6A3F63C52}
	EndGlobalSection
EndGlobal
